<Solution>
  <Configurations>
    <Platform Name="x64" />
    <Platform Name="x86" />
  </Configurations>
  <Folder Name="/Assignment/" />
  <Folder Name="/Assignment/2026.03.10/">
    <Project Path="Assignment/2026.03.10/2026.03.10.vcxproj" Id="ad387cad-bf6e-45a5-bccf-af689d53b324" />
  </Folder>
  <Folder Name="/Assignment/2026.03.12/">
    <Project Path="Assignment/2026.03.12/2026.03.12.vcxproj" Id="755f0369-996d-425b-994a-4f11196347c2" />
  </Folder>
  <Folder Name="/Assignment/2026.03.17/">
    <Project Path="Assignment/2026.03.17/Fraction_ADT/Fraction_ADT.vcxproj" Id="fba60d91-77a3-4b79-8a38-a9248b6ceee5" />
    <Project Path="Assignment/2026.03.17/GCD_LCM/GCD_LCM.vcxproj" Id="1a20d501-2003-45db-9086-9b30db7cbea5" />
    <Project Path="Assignment/2026.03.17/My integer/My integer.vcxproj" Id="c192b5e8-3d6c-4d3d-9d42-4302d7e9dd7d" />
    <Project Path="Assignment/2026.03.17/Rectangle_Size/Rectangle_Size.vcxproj" Id="084d9f00-8adf-4e01-9119-9836c5033c63" />
  </Folder>
  <Folder Name="/Assignment/2026.03.26/">
    <Project Path="Assignment/2026.03.26/example/example.vcxproj" Id="95802a4e-2a24-4b09-a462-d8ee0b46fe0b" />
    <Project Path="Assignment/2026.03.26/Fibonacci_Profiling/Fibonacci_Profiling.vcxproj" Id="829c123d-0a94-41c2-af75-88f5bcf52f62" />
    <Project Path="Assignment/2026.03.26/GCD_Profiling/GCD_Profiling.vcxproj" Id="5db697b0-ccfd-4ebf-a8f1-c38ac0c7693f" />
  </Folder>
  <Folder Name="/Assignment/2026.03.31/">
    <Project Path="Assignment/2026.03.31/Array_Print/Array_Print.vcxproj" Id="53f9cea2-1e61-4288-b786-fd7c3d390af8" />
    <Project Path="Assignment/2026.03.31/Array_Professor/Array_Professor.vcxproj" Id="86b562d7-750f-4817-bfab-facf7d8a6b22" />
    <Project Path="Assignment/2026.03.31/Magic_Square/Magic_Square.vcxproj" Id="cecb83e2-4c62-4f1f-8d57-a90426c858f8" />
  </Folder>
  <Folder Name="/Assignment/2026.04.02/">
    <Project Path="Assignment/2026.04.02/Pointer_Array/Pointer_Array.vcxproj" Id="a3250555-2500-4a3c-8cdd-2d5161175e6b" />
    <Project Path="Assignment/2026.04.02/Pointer_Magic_Square/Pointer_Magic_Square.vcxproj" Id="676d65f1-e7ef-4fdb-b6c0-bfbc322809ff" />
  </Folder>
  <Folder Name="/Assignment/2026.04.07/">
    <Project Path="Assignment/2026.04.07/Struct_Array_1/Struct_Array_1.vcxproj" Id="495597c2-b11e-42ff-9430-96ed85588041" />
    <Project Path="Assignment/2026.04.07/Struct_Array_2/Struct_Array_2.vcxproj" Id="c4914ace-3e05-4398-95a8-28cad348b635" />
  </Folder>
  <Folder Name="/Assignment/2026.04.09/">
    <Project Path="Assignment/2026.04.09/Fibonacci_Circular/Fibonacci_Circular.vcxproj" Id="43ebdee0-6db6-46e1-a354-50f9ec1ac771" />
    <Project Path="Assignment/2026.04.09/Fibonacci_Recursive/Fibonacci_Recursive.vcxproj" Id="61613545-bcc3-4d15-8360-dc48ee4d8249" />
  </Folder>
  <Folder Name="/Assignment/2026.04.14/">
    <Project Path="Assignment/2026.04.14/ArrayList/ArrayList.vcxproj" Id="7df46d0d-9a6a-4f67-a768-504ef818e50d" />
    <Project Path="Assignment/2026.04.14/ArrayListRealloc/ArrayListRealloc.vcxproj" Id="ffd2d881-0eb2-4f26-b566-f969f25cdb6b" />
  </Folder>
  <Folder Name="/Assignment/2026.04.16/">
    <Project Path="Assignment/2026.04.16/Array_List_Imp/Array_List_Imp.vcxproj" Id="8fea3fbc-6b88-43a1-ae5f-8ace10c5932a" />
    <Project Path="Assignment/2026.04.16/Sequential_List/Sequential_List.vcxproj" Id="6f0c7c83-f6c1-4877-821d-4e256de3be48" />
    <Project Path="Assignment/2026.04.16/SparseMatrix/SparseMatrix.vcxproj" Id="7879f27e-5158-4e77-b3c9-8e4ee6a04bee" />
  </Folder>
  <Folder Name="/Assignment/2026.04.21/">
    <Project Path="Assignment/2026.04.21/Polynomial_Multiply/Polynomial_Multiply.vcxproj" Id="621d9f04-db41-4e9d-9938-2bc0838494a2" />
    <Project Path="Assignment/2026.04.21/Polynomial_Proffesor/Polynomial_Proffesor.vcxproj" Id="2981db87-b6f1-4bcd-938e-53cd71c2a181" />
  </Folder>
  <Folder Name="/Assignment/2026.04.28/">
    <Project Path="Assignment/2026.04.28/자체참조구조체/자체참조구조체.vcxproj" Id="77d1f4a6-a359-4049-94b5-77ac5c86b3a3" />
  </Folder>
  <Folder Name="/Assignment/2026.05.07/">
    <Project Path="Assignment/2026.05.07/LinkedList/LinkedList.vcxproj" Id="036774d8-8d59-40fd-96d0-e8f3abf0799e" />
    <Project Path="Assignment/2026.05.07/LinkedList_Professor/LinkedList_Professor.vcxproj" Id="d7ec7601-9076-4e14-a273-0635380e038d" />
  </Folder>
  <Folder Name="/Assignment/2026.05.12/">
    <Project Path="Assignment/2026.05.12/LinkedList_function/LinkedList_function.vcxproj" Id="cfa02612-77b7-4883-8f73-28e62bf2f0ec" />
  </Folder>
  <Folder Name="/Assignment/2026.05.14/">
    <Project Path="Assignment/2026.05.14/Circular_LinkedList_Professor/Circular_LinkedList_Professor.vcxproj" Id="739f043e-b92c-4c2e-9b56-2030b9501bf3" />
    <Project Path="Assignment/2026.05.14/Double_LinkedList/Double_LinkedList.vcxproj" Id="1bdaae8a-91cb-4f8d-ba96-a46e6958f392" />
    <Project Path="Assignment/2026.05.14/Double_LinkedList_Professor/Double_LinkedList_Professor.vcxproj" Id="d16c660b-f94a-4bb2-b7c6-e11bec85e9b8" />
  </Folder>
  <Folder Name="/Assignment/2026.05.19/">
    <Project Path="Assignment/2026.05.19/ArrayStack_Professor/ArrayStack_Professor.vcxproj" Id="02b2970e-64f7-4616-b745-cb62c91169d5" />
    <Project Path="Assignment/2026.05.19/LinkedStack_Professor/LinkedStack_Professor.vcxproj" Id="db69f06b-0d4a-4854-9336-eb7553458f19" />
  </Folder>
  <Project Path="5820277_DataStructure1/5820277_DataStructure1.vcxproj" Id="ee55d865-7c5d-4a50-8a53-ec6f853531fd" />
</Solution>
