<Solution>
  <Configurations>
    <Platform Name="x64" />
    <Platform Name="x86" />
  </Configurations>
  <Folder Name="/Assignment/" />
  <Folder Name="/Assignment/2026.03.17/">
    <Project Path="Assignment/2026.03.17/Fraction_ADT/Fraction_ADT.vcxproj" Id="fba60d91-77a3-4b79-8a38-a9248b6ceee5" />
    <Project Path="Assignment/2026.03.17/GCD_LCM/GCD_LCM.vcxproj" Id="1a20d501-2003-45db-9086-9b30db7cbea5" />
    <Project Path="Assignment/2026.03.17/Rectangle_Size/Rectangle_Size.vcxproj" Id="084d9f00-8adf-4e01-9119-9836c5033c63" />
  </Folder>
  <Project Path="2026.03.10/2026.03.10.vcxproj" Id="9b00c0d8-837c-4746-aa94-5ac83a69c9fc" />
  <Project Path="2026.03.12/2026.03.12.vcxproj" Id="4dd092ef-3c80-486d-b778-7e55b650c203" />
  <Project Path="5820277_DataStructure1/5820277_DataStructure1.vcxproj" Id="ee55d865-7c5d-4a50-8a53-ec6f853531fd" />
  <Project Path="My integer/My integer.vcxproj" Id="807da793-72e6-4001-8bb7-651019edd48c" />
</Solution>
