<Solution>
  <Configurations>
    <Platform Name="x64" />
    <Platform Name="x86" />
  </Configurations>
  <Project Path="2026.03.10/2026.03.10.vcxproj" Id="9b00c0d8-837c-4746-aa94-5ac83a69c9fc" />
  <Project Path="2026.03.12/2026.03.12.vcxproj" Id="4dd092ef-3c80-486d-b778-7e55b650c203" />
  <Project Path="2026.03.17/2026.03.17.vcxproj" Id="6cf0384e-bc41-46b6-84f5-beaf462dc568" />
  <Project Path="5820277_DataStructure1/5820277_DataStructure1.vcxproj" Id="ee55d865-7c5d-4a50-8a53-ec6f853531fd" />
  <Project Path="My integer/My integer.vcxproj" Id="807da793-72e6-4001-8bb7-651019edd48c" />
</Solution>
